
Microsoft Visual Studio Solution File, Format Version 12.00
# Visual Studio Version 16
VisualStudioVersion = 16.0.31410.357
MinimumVisualStudioVersion = 10.0.40219.1
Project("{FAE04EC0-301F-11D3-BF4B-00C04F79EFBC}") = "exemplo-automapper", "exemplo-automapper.csproj", "{24E88F10-A4B4-48A3-B79F-2CAED0EE8EF5}"
EndProject
Global
	GlobalSection(SolutionConfigurationPlatforms) = preSolution
		Debug|Any CPU = Debug|Any CPU
		Release|Any CPU = Release|Any CPU
	EndGlobalSection
	GlobalSection(ProjectConfigurationPlatforms) = postSolution
		{24E88F10-A4B4-48A3-B79F-2CAED0EE8EF5}.Debug|Any CPU.ActiveCfg = Debug|Any CPU
		{24E88F10-A4B4-48A3-B79F-2CAED0EE8EF5}.Debug|Any CPU.Build.0 = Debug|Any CPU
		{24E88F10-A4B4-48A3-B79F-2CAED0EE8EF5}.Release|Any CPU.ActiveCfg = Release|Any CPU
		{24E88F10-A4B4-48A3-B79F-2CAED0EE8EF5}.Release|Any CPU.Build.0 = Release|Any CPU
	EndGlobalSection
	GlobalSection(SolutionProperties) = preSolution
		HideSolutionNode = FALSE
	EndGlobalSection
	GlobalSection(ExtensibilityGlobals) = postSolution
		SolutionGuid = {32A14134-924B-4709-AC3C-DBF285F20020}
	EndGlobalSection
EndGlobal
